
Microsoft Visual Studio Solution File, Format Version 12.00
# Visual Studio 14
VisualStudioVersion = 14.0.24720.0
MinimumVisualStudioVersion = 10.0.40219.1
Project("{F2A71F9B-5D33-465A-A702-920D77279786}") = "AdhocFs", "AdhocFs\AdhocFs.fsproj", "{EC6F59AC-7BBA-4492-859F-C24601EB5BE3}"
EndProject
Global
	GlobalSection(SolutionConfigurationPlatforms) = preSolution
		Debug|Any CPU = Debug|Any CPU
		Release|Any CPU = Release|Any CPU
	EndGlobalSection
	GlobalSection(ProjectConfigurationPlatforms) = postSolution
		{EC6F59AC-7BBA-4492-859F-C24601EB5BE3}.Debug|Any CPU.ActiveCfg = Debug|Any CPU
		{EC6F59AC-7BBA-4492-859F-C24601EB5BE3}.Debug|Any CPU.Build.0 = Debug|Any CPU
		{EC6F59AC-7BBA-4492-859F-C24601EB5BE3}.Release|Any CPU.ActiveCfg = Release|Any CPU
		{EC6F59AC-7BBA-4492-859F-C24601EB5BE3}.Release|Any CPU.Build.0 = Release|Any CPU
	EndGlobalSection
	GlobalSection(SolutionProperties) = preSolution
		HideSolutionNode = FALSE
	EndGlobalSection
EndGlobal
