
Microsoft Visual Studio Solution File, Format Version 12.00
# Visual Studio Express 2013 for Windows Desktop
VisualStudioVersion = 12.0.40629.0
MinimumVisualStudioVersion = 10.0.40219.1
Project("{F2A71F9B-5D33-465A-A702-920D77279786}") = "AdhocFs", "AdhocFs\AdhocFs.fsproj", "{24AC5AF1-D512-4C1D-A87D-98DF269C7523}"
EndProject
Project("{F2A71F9B-5D33-465A-A702-920D77279786}") = "Util", "Util\Util.fsproj", "{4D6E81BC-3A78-4BE7-8768-DF91CFA764B5}"
EndProject
Global
	GlobalSection(SolutionConfigurationPlatforms) = preSolution
		Debug|Any CPU = Debug|Any CPU
		Release|Any CPU = Release|Any CPU
	EndGlobalSection
	GlobalSection(ProjectConfigurationPlatforms) = postSolution
		{24AC5AF1-D512-4C1D-A87D-98DF269C7523}.Debug|Any CPU.ActiveCfg = Debug|Any CPU
		{24AC5AF1-D512-4C1D-A87D-98DF269C7523}.Debug|Any CPU.Build.0 = Debug|Any CPU
		{24AC5AF1-D512-4C1D-A87D-98DF269C7523}.Release|Any CPU.ActiveCfg = Release|Any CPU
		{24AC5AF1-D512-4C1D-A87D-98DF269C7523}.Release|Any CPU.Build.0 = Release|Any CPU
		{4D6E81BC-3A78-4BE7-8768-DF91CFA764B5}.Debug|Any CPU.ActiveCfg = Debug|Any CPU
		{4D6E81BC-3A78-4BE7-8768-DF91CFA764B5}.Debug|Any CPU.Build.0 = Debug|Any CPU
		{4D6E81BC-3A78-4BE7-8768-DF91CFA764B5}.Release|Any CPU.ActiveCfg = Release|Any CPU
		{4D6E81BC-3A78-4BE7-8768-DF91CFA764B5}.Release|Any CPU.Build.0 = Release|Any CPU
	EndGlobalSection
	GlobalSection(SolutionProperties) = preSolution
		HideSolutionNode = FALSE
	EndGlobalSection
EndGlobal
