
Microsoft Visual Studio Solution File, Format Version 12.00
# Visual Studio 14
VisualStudioVersion = 14.0.25123.0
MinimumVisualStudioVersion = 10.0.40219.1
Project("{F2A71F9B-5D33-465A-A702-920D77279786}") = "Dyxi.Util", "Dyxi.Util\Dyxi.Util.fsproj", "{CA0C50AD-AAEE-4B54-92F6-962E3E404B65}"
EndProject
Project("{F2A71F9B-5D33-465A-A702-920D77279786}") = "Dyxi.Util.Test", "Dyxi.Util.Test\Dyxi.Util.Test.fsproj", "{260234FA-8807-43D8-87CB-018C5175BAEA}"
EndProject
Global
	GlobalSection(SolutionConfigurationPlatforms) = preSolution
		Debug|Any CPU = Debug|Any CPU
		Release|Any CPU = Release|Any CPU
	EndGlobalSection
	GlobalSection(ProjectConfigurationPlatforms) = postSolution
		{CA0C50AD-AAEE-4B54-92F6-962E3E404B65}.Debug|Any CPU.ActiveCfg = Debug|Any CPU
		{CA0C50AD-AAEE-4B54-92F6-962E3E404B65}.Debug|Any CPU.Build.0 = Debug|Any CPU
		{CA0C50AD-AAEE-4B54-92F6-962E3E404B65}.Release|Any CPU.ActiveCfg = Release|Any CPU
		{CA0C50AD-AAEE-4B54-92F6-962E3E404B65}.Release|Any CPU.Build.0 = Release|Any CPU
		{260234FA-8807-43D8-87CB-018C5175BAEA}.Debug|Any CPU.ActiveCfg = Debug|Any CPU
		{260234FA-8807-43D8-87CB-018C5175BAEA}.Debug|Any CPU.Build.0 = Debug|Any CPU
		{260234FA-8807-43D8-87CB-018C5175BAEA}.Release|Any CPU.ActiveCfg = Release|Any CPU
		{260234FA-8807-43D8-87CB-018C5175BAEA}.Release|Any CPU.Build.0 = Release|Any CPU
	EndGlobalSection
	GlobalSection(SolutionProperties) = preSolution
		HideSolutionNode = FALSE
	EndGlobalSection
EndGlobal
