
Microsoft Visual Studio Solution File, Format Version 12.00
# Visual Studio 14
VisualStudioVersion = 14.0.24720.0
MinimumVisualStudioVersion = 10.0.40219.1
Project("{F2A71F9B-5D33-465A-A702-920D77279786}") = "Dyxi.Muse.Model", "Dyxi.Muse.Model\Dyxi.Muse.Model.fsproj", "{7A1D370F-9C03-4951-A7BC-247074876631}"
EndProject
Project("{F2A71F9B-5D33-465A-A702-920D77279786}") = "Dyxi.Muse.ViewModel", "Dyxi.Muse.ViewModel\Dyxi.Muse.ViewModel.fsproj", "{9D7C3F45-C34A-4562-BD29-6B54A24C41E0}"
EndProject
Project("{FAE04EC0-301F-11D3-BF4B-00C04F79EFBC}") = "Dyxi.Muse.View", "Dyxi.Muse.View\Dyxi.Muse.View.csproj", "{F0D63A3E-2E6D-4C00-BD68-BD93A6E49023}"
EndProject
Global
	GlobalSection(SolutionConfigurationPlatforms) = preSolution
		Debug|Any CPU = Debug|Any CPU
		Release|Any CPU = Release|Any CPU
	EndGlobalSection
	GlobalSection(ProjectConfigurationPlatforms) = postSolution
		{7A1D370F-9C03-4951-A7BC-247074876631}.Debug|Any CPU.ActiveCfg = Debug|Any CPU
		{7A1D370F-9C03-4951-A7BC-247074876631}.Debug|Any CPU.Build.0 = Debug|Any CPU
		{7A1D370F-9C03-4951-A7BC-247074876631}.Release|Any CPU.ActiveCfg = Release|Any CPU
		{7A1D370F-9C03-4951-A7BC-247074876631}.Release|Any CPU.Build.0 = Release|Any CPU
		{9D7C3F45-C34A-4562-BD29-6B54A24C41E0}.Debug|Any CPU.ActiveCfg = Debug|Any CPU
		{9D7C3F45-C34A-4562-BD29-6B54A24C41E0}.Debug|Any CPU.Build.0 = Debug|Any CPU
		{9D7C3F45-C34A-4562-BD29-6B54A24C41E0}.Release|Any CPU.ActiveCfg = Release|Any CPU
		{9D7C3F45-C34A-4562-BD29-6B54A24C41E0}.Release|Any CPU.Build.0 = Release|Any CPU
		{F0D63A3E-2E6D-4C00-BD68-BD93A6E49023}.Debug|Any CPU.ActiveCfg = Debug|Any CPU
		{F0D63A3E-2E6D-4C00-BD68-BD93A6E49023}.Debug|Any CPU.Build.0 = Debug|Any CPU
		{F0D63A3E-2E6D-4C00-BD68-BD93A6E49023}.Release|Any CPU.ActiveCfg = Release|Any CPU
		{F0D63A3E-2E6D-4C00-BD68-BD93A6E49023}.Release|Any CPU.Build.0 = Release|Any CPU
	EndGlobalSection
	GlobalSection(SolutionProperties) = preSolution
		HideSolutionNode = FALSE
	EndGlobalSection
EndGlobal
