Microsoft Visual Studio Solution File, Format Version 12.00
# Visual Studio 2013
VisualStudioVersion = 12.0.40629.0
MinimumVisualStudioVersion = 10.0.40219.1
Project("{FAE04EC0-301F-11D3-BF4B-00C04F79EFBC}") = "FluentSqlBuilder", "FluentSqlBuilder\FluentSqlBuilder.csproj", "{C500A67F-E8BF-4F9D-A87D-CA20FA56E1C2}"
EndProject
Project("{FAE04EC0-301F-11D3-BF4B-00C04F79EFBC}") = "FluentSqlBuilder.Test", "FluentSqlBuilder.Test\FluentSqlBuilder.Test.csproj", "{85A19276-C15B-4160-B58A-63C0491C9042}"
EndProject
Global
	GlobalSection(SolutionConfigurationPlatforms) = preSolution
		Debug|Any CPU = Debug|Any CPU
		Release|Any CPU = Release|Any CPU
	EndGlobalSection
	GlobalSection(ProjectConfigurationPlatforms) = postSolution
		{C500A67F-E8BF-4F9D-A87D-CA20FA56E1C2}.Debug|Any CPU.ActiveCfg = Debug|Any CPU
		{C500A67F-E8BF-4F9D-A87D-CA20FA56E1C2}.Debug|Any CPU.Build.0 = Debug|Any CPU
		{C500A67F-E8BF-4F9D-A87D-CA20FA56E1C2}.Release|Any CPU.ActiveCfg = Release|Any CPU
		{C500A67F-E8BF-4F9D-A87D-CA20FA56E1C2}.Release|Any CPU.Build.0 = Release|Any CPU
		{85A19276-C15B-4160-B58A-63C0491C9042}.Debug|Any CPU.ActiveCfg = Debug|Any CPU
		{85A19276-C15B-4160-B58A-63C0491C9042}.Debug|Any CPU.Build.0 = Debug|Any CPU
		{85A19276-C15B-4160-B58A-63C0491C9042}.Release|Any CPU.ActiveCfg = Release|Any CPU
		{85A19276-C15B-4160-B58A-63C0491C9042}.Release|Any CPU.Build.0 = Release|Any CPU
	EndGlobalSection
	GlobalSection(SolutionProperties) = preSolution
		HideSolutionNode = FALSE
	EndGlobalSection
EndGlobal
