
Microsoft Visual Studio Solution File, Format Version 12.00
# Visual Studio 15
VisualStudioVersion = 15.0.26228.9
MinimumVisualStudioVersion = 10.0.40219.1
Project("{F2A71F9B-5D33-465A-A702-920D77279786}") = "FSharpKit.ErrorHandling", "FSharpKit.ErrorHandling\FSharpKit.ErrorHandling.fsproj", "{0557360A-E1DF-4BB4-8ADC-6448F992D3AD}"
EndProject
Project("{F2A71F9B-5D33-465A-A702-920D77279786}") = "FSharpKit.ErrorHandling.UnitTest", "FSharpKit.ErrorHandling.UnitTest\FSharpKit.ErrorHandling.UnitTest.fsproj", "{8AF5CE5C-661E-41CB-B858-00C2D29D4E24}"
EndProject
Global
	GlobalSection(SolutionConfigurationPlatforms) = preSolution
		Debug|Any CPU = Debug|Any CPU
		Release|Any CPU = Release|Any CPU
	EndGlobalSection
	GlobalSection(ProjectConfigurationPlatforms) = postSolution
		{0557360A-E1DF-4BB4-8ADC-6448F992D3AD}.Debug|Any CPU.ActiveCfg = Debug|Any CPU
		{0557360A-E1DF-4BB4-8ADC-6448F992D3AD}.Debug|Any CPU.Build.0 = Debug|Any CPU
		{0557360A-E1DF-4BB4-8ADC-6448F992D3AD}.Release|Any CPU.ActiveCfg = Release|Any CPU
		{0557360A-E1DF-4BB4-8ADC-6448F992D3AD}.Release|Any CPU.Build.0 = Release|Any CPU
		{8AF5CE5C-661E-41CB-B858-00C2D29D4E24}.Debug|Any CPU.ActiveCfg = Debug|Any CPU
		{8AF5CE5C-661E-41CB-B858-00C2D29D4E24}.Debug|Any CPU.Build.0 = Debug|Any CPU
		{8AF5CE5C-661E-41CB-B858-00C2D29D4E24}.Release|Any CPU.ActiveCfg = Release|Any CPU
		{8AF5CE5C-661E-41CB-B858-00C2D29D4E24}.Release|Any CPU.Build.0 = Release|Any CPU
	EndGlobalSection
	GlobalSection(SolutionProperties) = preSolution
		HideSolutionNode = FALSE
	EndGlobalSection
EndGlobal
