
Microsoft Visual Studio Solution File, Format Version 12.00
# Visual Studio 14
VisualStudioVersion = 14.0.25420.1
MinimumVisualStudioVersion = 10.0.40219.1
Project("{FAE04EC0-301F-11D3-BF4B-00C04F79EFBC}") = "Tuktuk.Wpf.View", "Tuktuk.Wpf.View\Tuktuk.Wpf.View.csproj", "{636B476A-9126-4495-8A3B-59D69C09BCC6}"
EndProject
Project("{F2A71F9B-5D33-465A-A702-920D77279786}") = "Tuktuk.Core", "Tuktuk.Core\Tuktuk.Core.fsproj", "{A40FE540-9D51-4611-8539-CA1181241CB1}"
EndProject
Project("{2150E333-8FDC-42A3-9474-1A3956D46DE8}") = "100-Libraries", "100-Libraries", "{571DCEEA-B6D8-43EF-90AE-63D39759DDFC}"
EndProject
Project("{F2A71F9B-5D33-465A-A702-920D77279786}") = "Tuktuk.Utility", "Tuktuk.Utility\Tuktuk.Utility.fsproj", "{7A34E087-F805-4C1D-92E4-5A8110191560}"
EndProject
Project("{2150E333-8FDC-42A3-9474-1A3956D46DE8}") = "200-Core", "200-Core", "{AEA5D247-6D14-454F-9030-E304BDA44DA3}"
EndProject
Project("{2150E333-8FDC-42A3-9474-1A3956D46DE8}") = "300-Wpf", "300-Wpf", "{30B496FA-B0CA-4070-8AD4-5FFF28F35DB0}"
EndProject
Project("{F2A71F9B-5D33-465A-A702-920D77279786}") = "Tuktuk.Core.UnitTest", "Tuktuk.Core.UnitTest\Tuktuk.Core.UnitTest.fsproj", "{A8E9C02C-A5C7-469A-9CF4-93FCD7DB2E59}"
EndProject
Project("{F2A71F9B-5D33-465A-A702-920D77279786}") = "Tuktuk.Utility.UnitTest", "Tuktuk.Utility.UnitTest\Tuktuk.Utility.UnitTest.fsproj", "{6930B136-C650-491A-AEAC-BFC4F6BE627B}"
EndProject
Project("{FAE04EC0-301F-11D3-BF4B-00C04F79EFBC}") = "SharpFileSystem", "sharpfilesystem\SharpFileSystem\SharpFileSystem.csproj", "{3C4D07BA-23B5-4A63-92CF-F3BF892B7329}"
EndProject
Project("{FAE04EC0-301F-11D3-BF4B-00C04F79EFBC}") = "Tuktuk.Wpf.Utility", "Tuktuk.Wpf.Utility\Tuktuk.Wpf.Utility.csproj", "{370D6E9F-A443-4CD4-8BA6-E3D5C3E85871}"
EndProject
Project("{2150E333-8FDC-42A3-9474-1A3956D46DE8}") = "100-Libraries", "100-Libraries", "{7B0057F1-A84F-4BDC-8195-9E5A22B5BD70}"
EndProject
Project("{2150E333-8FDC-42A3-9474-1A3956D46DE8}") = "300-Applications", "300-Applications", "{81EFDC2C-E2C4-4AD9-8612-F5F9AA47DFCD}"
EndProject
Project("{F2A71F9B-5D33-465A-A702-920D77279786}") = "Tuktuk.Wpf.Model", "Tuktuk.Wpf.Model\Tuktuk.Wpf.Model.fsproj", "{171F2B7D-6528-4F76-A543-95504DBC4B24}"
EndProject
Project("{F2A71F9B-5D33-465A-A702-920D77279786}") = "Tuktuk.Wpf.Model.UnitTest", "Tuktuk.Wpf.Model.UnitTest\Tuktuk.Wpf.Model.UnitTest.fsproj", "{BE8858DA-EAA2-499F-9663-5E6294D6F3A3}"
EndProject
Project("{FAE04EC0-301F-11D3-BF4B-00C04F79EFBC}") = "SharpFileSystem.Tests", "sharpfilesystem\SharpFileSystem.Tests\SharpFileSystem.Tests.csproj", "{5B828500-C591-4B35-AFB2-D38026A7ECBC}"
EndProject
Global
	GlobalSection(SolutionConfigurationPlatforms) = preSolution
		Debug|Any CPU = Debug|Any CPU
		Release|Any CPU = Release|Any CPU
	EndGlobalSection
	GlobalSection(ProjectConfigurationPlatforms) = postSolution
		{636B476A-9126-4495-8A3B-59D69C09BCC6}.Debug|Any CPU.ActiveCfg = Debug|Any CPU
		{636B476A-9126-4495-8A3B-59D69C09BCC6}.Debug|Any CPU.Build.0 = Debug|Any CPU
		{636B476A-9126-4495-8A3B-59D69C09BCC6}.Release|Any CPU.ActiveCfg = Release|Any CPU
		{636B476A-9126-4495-8A3B-59D69C09BCC6}.Release|Any CPU.Build.0 = Release|Any CPU
		{A40FE540-9D51-4611-8539-CA1181241CB1}.Debug|Any CPU.ActiveCfg = Debug|Any CPU
		{A40FE540-9D51-4611-8539-CA1181241CB1}.Debug|Any CPU.Build.0 = Debug|Any CPU
		{A40FE540-9D51-4611-8539-CA1181241CB1}.Release|Any CPU.ActiveCfg = Release|Any CPU
		{A40FE540-9D51-4611-8539-CA1181241CB1}.Release|Any CPU.Build.0 = Release|Any CPU
		{7A34E087-F805-4C1D-92E4-5A8110191560}.Debug|Any CPU.ActiveCfg = Debug|Any CPU
		{7A34E087-F805-4C1D-92E4-5A8110191560}.Debug|Any CPU.Build.0 = Debug|Any CPU
		{7A34E087-F805-4C1D-92E4-5A8110191560}.Release|Any CPU.ActiveCfg = Release|Any CPU
		{7A34E087-F805-4C1D-92E4-5A8110191560}.Release|Any CPU.Build.0 = Release|Any CPU
		{A8E9C02C-A5C7-469A-9CF4-93FCD7DB2E59}.Debug|Any CPU.ActiveCfg = Debug|Any CPU
		{A8E9C02C-A5C7-469A-9CF4-93FCD7DB2E59}.Debug|Any CPU.Build.0 = Debug|Any CPU
		{A8E9C02C-A5C7-469A-9CF4-93FCD7DB2E59}.Release|Any CPU.ActiveCfg = Release|Any CPU
		{A8E9C02C-A5C7-469A-9CF4-93FCD7DB2E59}.Release|Any CPU.Build.0 = Release|Any CPU
		{6930B136-C650-491A-AEAC-BFC4F6BE627B}.Debug|Any CPU.ActiveCfg = Debug|Any CPU
		{6930B136-C650-491A-AEAC-BFC4F6BE627B}.Debug|Any CPU.Build.0 = Debug|Any CPU
		{6930B136-C650-491A-AEAC-BFC4F6BE627B}.Release|Any CPU.ActiveCfg = Release|Any CPU
		{6930B136-C650-491A-AEAC-BFC4F6BE627B}.Release|Any CPU.Build.0 = Release|Any CPU
		{3C4D07BA-23B5-4A63-92CF-F3BF892B7329}.Debug|Any CPU.ActiveCfg = Debug|Any CPU
		{3C4D07BA-23B5-4A63-92CF-F3BF892B7329}.Debug|Any CPU.Build.0 = Debug|Any CPU
		{3C4D07BA-23B5-4A63-92CF-F3BF892B7329}.Release|Any CPU.ActiveCfg = Release|Any CPU
		{3C4D07BA-23B5-4A63-92CF-F3BF892B7329}.Release|Any CPU.Build.0 = Release|Any CPU
		{370D6E9F-A443-4CD4-8BA6-E3D5C3E85871}.Debug|Any CPU.ActiveCfg = Debug|Any CPU
		{370D6E9F-A443-4CD4-8BA6-E3D5C3E85871}.Debug|Any CPU.Build.0 = Debug|Any CPU
		{370D6E9F-A443-4CD4-8BA6-E3D5C3E85871}.Release|Any CPU.ActiveCfg = Release|Any CPU
		{370D6E9F-A443-4CD4-8BA6-E3D5C3E85871}.Release|Any CPU.Build.0 = Release|Any CPU
		{171F2B7D-6528-4F76-A543-95504DBC4B24}.Debug|Any CPU.ActiveCfg = Debug|Any CPU
		{171F2B7D-6528-4F76-A543-95504DBC4B24}.Debug|Any CPU.Build.0 = Debug|Any CPU
		{171F2B7D-6528-4F76-A543-95504DBC4B24}.Release|Any CPU.ActiveCfg = Release|Any CPU
		{171F2B7D-6528-4F76-A543-95504DBC4B24}.Release|Any CPU.Build.0 = Release|Any CPU
		{BE8858DA-EAA2-499F-9663-5E6294D6F3A3}.Debug|Any CPU.ActiveCfg = Debug|Any CPU
		{BE8858DA-EAA2-499F-9663-5E6294D6F3A3}.Debug|Any CPU.Build.0 = Debug|Any CPU
		{BE8858DA-EAA2-499F-9663-5E6294D6F3A3}.Release|Any CPU.ActiveCfg = Release|Any CPU
		{BE8858DA-EAA2-499F-9663-5E6294D6F3A3}.Release|Any CPU.Build.0 = Release|Any CPU
		{5B828500-C591-4B35-AFB2-D38026A7ECBC}.Debug|Any CPU.ActiveCfg = Debug|Any CPU
		{5B828500-C591-4B35-AFB2-D38026A7ECBC}.Debug|Any CPU.Build.0 = Debug|Any CPU
		{5B828500-C591-4B35-AFB2-D38026A7ECBC}.Release|Any CPU.ActiveCfg = Release|Any CPU
		{5B828500-C591-4B35-AFB2-D38026A7ECBC}.Release|Any CPU.Build.0 = Release|Any CPU
	EndGlobalSection
	GlobalSection(SolutionProperties) = preSolution
		HideSolutionNode = FALSE
	EndGlobalSection
	GlobalSection(NestedProjects) = preSolution
		{636B476A-9126-4495-8A3B-59D69C09BCC6} = {81EFDC2C-E2C4-4AD9-8612-F5F9AA47DFCD}
		{A40FE540-9D51-4611-8539-CA1181241CB1} = {AEA5D247-6D14-454F-9030-E304BDA44DA3}
		{7A34E087-F805-4C1D-92E4-5A8110191560} = {571DCEEA-B6D8-43EF-90AE-63D39759DDFC}
		{A8E9C02C-A5C7-469A-9CF4-93FCD7DB2E59} = {AEA5D247-6D14-454F-9030-E304BDA44DA3}
		{6930B136-C650-491A-AEAC-BFC4F6BE627B} = {571DCEEA-B6D8-43EF-90AE-63D39759DDFC}
		{3C4D07BA-23B5-4A63-92CF-F3BF892B7329} = {571DCEEA-B6D8-43EF-90AE-63D39759DDFC}
		{370D6E9F-A443-4CD4-8BA6-E3D5C3E85871} = {7B0057F1-A84F-4BDC-8195-9E5A22B5BD70}
		{7B0057F1-A84F-4BDC-8195-9E5A22B5BD70} = {30B496FA-B0CA-4070-8AD4-5FFF28F35DB0}
		{81EFDC2C-E2C4-4AD9-8612-F5F9AA47DFCD} = {30B496FA-B0CA-4070-8AD4-5FFF28F35DB0}
		{171F2B7D-6528-4F76-A543-95504DBC4B24} = {81EFDC2C-E2C4-4AD9-8612-F5F9AA47DFCD}
		{BE8858DA-EAA2-499F-9663-5E6294D6F3A3} = {81EFDC2C-E2C4-4AD9-8612-F5F9AA47DFCD}
		{5B828500-C591-4B35-AFB2-D38026A7ECBC} = {571DCEEA-B6D8-43EF-90AE-63D39759DDFC}
	EndGlobalSection
EndGlobal
