
Microsoft Visual Studio Solution File, Format Version 12.00
# Visual Studio 14
VisualStudioVersion = 14.0.25420.1
MinimumVisualStudioVersion = 10.0.40219.1
Project("{FAE04EC0-301F-11D3-BF4B-00C04F79EFBC}") = "Tuktuk.Wpf", "Tuktuk.Wpf\Tuktuk.Wpf.csproj", "{636B476A-9126-4495-8A3B-59D69C09BCC6}"
EndProject
Project("{F2A71F9B-5D33-465A-A702-920D77279786}") = "Tuktuk.Core", "Tuktuk.Core\Tuktuk.Core.fsproj", "{A40FE540-9D51-4611-8539-CA1181241CB1}"
EndProject
Project("{2150E333-8FDC-42A3-9474-1A3956D46DE8}") = "100-Libraries", "100-Libraries", "{571DCEEA-B6D8-43EF-90AE-63D39759DDFC}"
EndProject
Project("{F2A71F9B-5D33-465A-A702-920D77279786}") = "Tuktuk.Utility", "Tuktuk.Utility\Tuktuk.Utility.fsproj", "{7A34E087-F805-4C1D-92E4-5A8110191560}"
EndProject
Project("{2150E333-8FDC-42A3-9474-1A3956D46DE8}") = "200-Core", "200-Core", "{AEA5D247-6D14-454F-9030-E304BDA44DA3}"
EndProject
Project("{2150E333-8FDC-42A3-9474-1A3956D46DE8}") = "300-Applications", "300-Applications", "{30B496FA-B0CA-4070-8AD4-5FFF28F35DB0}"
EndProject
Global
	GlobalSection(SolutionConfigurationPlatforms) = preSolution
		Debug|Any CPU = Debug|Any CPU
		Release|Any CPU = Release|Any CPU
	EndGlobalSection
	GlobalSection(ProjectConfigurationPlatforms) = postSolution
		{636B476A-9126-4495-8A3B-59D69C09BCC6}.Debug|Any CPU.ActiveCfg = Debug|Any CPU
		{636B476A-9126-4495-8A3B-59D69C09BCC6}.Debug|Any CPU.Build.0 = Debug|Any CPU
		{636B476A-9126-4495-8A3B-59D69C09BCC6}.Release|Any CPU.ActiveCfg = Release|Any CPU
		{636B476A-9126-4495-8A3B-59D69C09BCC6}.Release|Any CPU.Build.0 = Release|Any CPU
		{A40FE540-9D51-4611-8539-CA1181241CB1}.Debug|Any CPU.ActiveCfg = Debug|Any CPU
		{A40FE540-9D51-4611-8539-CA1181241CB1}.Debug|Any CPU.Build.0 = Debug|Any CPU
		{A40FE540-9D51-4611-8539-CA1181241CB1}.Release|Any CPU.ActiveCfg = Release|Any CPU
		{A40FE540-9D51-4611-8539-CA1181241CB1}.Release|Any CPU.Build.0 = Release|Any CPU
		{7A34E087-F805-4C1D-92E4-5A8110191560}.Debug|Any CPU.ActiveCfg = Debug|Any CPU
		{7A34E087-F805-4C1D-92E4-5A8110191560}.Debug|Any CPU.Build.0 = Debug|Any CPU
		{7A34E087-F805-4C1D-92E4-5A8110191560}.Release|Any CPU.ActiveCfg = Release|Any CPU
		{7A34E087-F805-4C1D-92E4-5A8110191560}.Release|Any CPU.Build.0 = Release|Any CPU
	EndGlobalSection
	GlobalSection(SolutionProperties) = preSolution
		HideSolutionNode = FALSE
	EndGlobalSection
	GlobalSection(NestedProjects) = preSolution
		{636B476A-9126-4495-8A3B-59D69C09BCC6} = {30B496FA-B0CA-4070-8AD4-5FFF28F35DB0}
		{A40FE540-9D51-4611-8539-CA1181241CB1} = {AEA5D247-6D14-454F-9030-E304BDA44DA3}
		{7A34E087-F805-4C1D-92E4-5A8110191560} = {571DCEEA-B6D8-43EF-90AE-63D39759DDFC}
	EndGlobalSection
EndGlobal
