
Microsoft Visual Studio Solution File, Format Version 12.00
# Visual Studio 14
VisualStudioVersion = 14.0.25420.1
MinimumVisualStudioVersion = 10.0.40219.1
Project("{FAE04EC0-301F-11D3-BF4B-00C04F79EFBC}") = "VainZero.VisitorDecompositionSample", "VainZero.VisitorDecompositionSample\VainZero.VisitorDecompositionSample.csproj", "{6831A67A-A63C-4BB7-A2D5-6FE42C8BF3F1}"
EndProject
Project("{FAE04EC0-301F-11D3-BF4B-00C04F79EFBC}") = "VainZero.VisitorDecompositionSample.Tests", "VainZero.VisitorDecompositionSample.Tests\VainZero.VisitorDecompositionSample.Tests.csproj", "{9C351DD8-3EA5-4F30-99FA-065C44BAE54D}"
EndProject
Global
	GlobalSection(SolutionConfigurationPlatforms) = preSolution
		Debug|Any CPU = Debug|Any CPU
		Release|Any CPU = Release|Any CPU
	EndGlobalSection
	GlobalSection(ProjectConfigurationPlatforms) = postSolution
		{6831A67A-A63C-4BB7-A2D5-6FE42C8BF3F1}.Debug|Any CPU.ActiveCfg = Debug|Any CPU
		{6831A67A-A63C-4BB7-A2D5-6FE42C8BF3F1}.Debug|Any CPU.Build.0 = Debug|Any CPU
		{6831A67A-A63C-4BB7-A2D5-6FE42C8BF3F1}.Release|Any CPU.ActiveCfg = Release|Any CPU
		{6831A67A-A63C-4BB7-A2D5-6FE42C8BF3F1}.Release|Any CPU.Build.0 = Release|Any CPU
		{9C351DD8-3EA5-4F30-99FA-065C44BAE54D}.Debug|Any CPU.ActiveCfg = Debug|Any CPU
		{9C351DD8-3EA5-4F30-99FA-065C44BAE54D}.Debug|Any CPU.Build.0 = Debug|Any CPU
		{9C351DD8-3EA5-4F30-99FA-065C44BAE54D}.Release|Any CPU.ActiveCfg = Release|Any CPU
		{9C351DD8-3EA5-4F30-99FA-065C44BAE54D}.Release|Any CPU.Build.0 = Release|Any CPU
	EndGlobalSection
	GlobalSection(SolutionProperties) = preSolution
		HideSolutionNode = FALSE
	EndGlobalSection
EndGlobal
