
Microsoft Visual Studio Solution File, Format Version 12.00
# Visual Studio Version 16
VisualStudioVersion = 16.0.28803.156
MinimumVisualStudioVersion = 10.0.40219.1
Project("{FAE04EC0-301F-11D3-BF4B-00C04F79EFBC}") = "wpf-custom-panel", "wpf-custom-panel\wpf-custom-panel.csproj", "{39C9939C-3443-487B-8A14-1B281DD717F4}"
EndProject
Global
	GlobalSection(SolutionConfigurationPlatforms) = preSolution
		Debug|Any CPU = Debug|Any CPU
		Release|Any CPU = Release|Any CPU
	EndGlobalSection
	GlobalSection(ProjectConfigurationPlatforms) = postSolution
		{39C9939C-3443-487B-8A14-1B281DD717F4}.Debug|Any CPU.ActiveCfg = Debug|Any CPU
		{39C9939C-3443-487B-8A14-1B281DD717F4}.Debug|Any CPU.Build.0 = Debug|Any CPU
		{39C9939C-3443-487B-8A14-1B281DD717F4}.Release|Any CPU.ActiveCfg = Release|Any CPU
		{39C9939C-3443-487B-8A14-1B281DD717F4}.Release|Any CPU.Build.0 = Release|Any CPU
	EndGlobalSection
	GlobalSection(SolutionProperties) = preSolution
		HideSolutionNode = FALSE
	EndGlobalSection
	GlobalSection(ExtensibilityGlobals) = postSolution
		SolutionGuid = {384A5EEF-D8D4-4693-A0CE-F1B22C04F5A9}
	EndGlobalSection
EndGlobal
