
Microsoft Visual Studio Solution File, Format Version 12.00
# Visual Studio 15
VisualStudioVersion = 15.0.26228.9
MinimumVisualStudioVersion = 10.0.40219.1
Project("{FAE04EC0-301F-11D3-BF4B-00C04F79EFBC}") = "Jaconet.Reactive", "Jaconet.Reactive\Jaconet.Reactive.csproj", "{E9DBBD8A-F679-4C88-BAF4-4F56F2FBC81F}"
EndProject
Project("{FAE04EC0-301F-11D3-BF4B-00C04F79EFBC}") = "Jaconet.Reactive.UnitTests", "Jaconet.Reactive.UnitTests\Jaconet.Reactive.UnitTests.csproj", "{A98FEA7C-4343-44F4-8678-404A04F4AC5E}"
EndProject
Global
	GlobalSection(SolutionConfigurationPlatforms) = preSolution
		Debug|Any CPU = Debug|Any CPU
		Release|Any CPU = Release|Any CPU
	EndGlobalSection
	GlobalSection(ProjectConfigurationPlatforms) = postSolution
		{E9DBBD8A-F679-4C88-BAF4-4F56F2FBC81F}.Debug|Any CPU.ActiveCfg = Debug|Any CPU
		{E9DBBD8A-F679-4C88-BAF4-4F56F2FBC81F}.Debug|Any CPU.Build.0 = Debug|Any CPU
		{E9DBBD8A-F679-4C88-BAF4-4F56F2FBC81F}.Release|Any CPU.ActiveCfg = Release|Any CPU
		{E9DBBD8A-F679-4C88-BAF4-4F56F2FBC81F}.Release|Any CPU.Build.0 = Release|Any CPU
		{A98FEA7C-4343-44F4-8678-404A04F4AC5E}.Debug|Any CPU.ActiveCfg = Debug|Any CPU
		{A98FEA7C-4343-44F4-8678-404A04F4AC5E}.Debug|Any CPU.Build.0 = Debug|Any CPU
		{A98FEA7C-4343-44F4-8678-404A04F4AC5E}.Release|Any CPU.ActiveCfg = Release|Any CPU
		{A98FEA7C-4343-44F4-8678-404A04F4AC5E}.Release|Any CPU.Build.0 = Release|Any CPU
	EndGlobalSection
	GlobalSection(SolutionProperties) = preSolution
		HideSolutionNode = FALSE
	EndGlobalSection
EndGlobal
