
Microsoft Visual Studio Solution File, Format Version 12.00
# Visual Studio Version 16
VisualStudioVersion = 16.0.30114.105
MinimumVisualStudioVersion = 10.0.40219.1
Project("{F2A71F9B-5D33-465A-A702-920D77279786}") = "Pcc", "Pcc\Pcc.fsproj", "{22A9D24F-1C21-494F-B138-044707609CF1}"
EndProject
Project("{F2A71F9B-5D33-465A-A702-920D77279786}") = "MyLex", "MyLex\MyLex.fsproj", "{4DB10FBA-640A-4693-9945-F49C19DE7C32}"
EndProject
Global
	GlobalSection(SolutionConfigurationPlatforms) = preSolution
		Debug|Any CPU = Debug|Any CPU
		Release|Any CPU = Release|Any CPU
	EndGlobalSection
	GlobalSection(SolutionProperties) = preSolution
		HideSolutionNode = FALSE
	EndGlobalSection
	GlobalSection(ProjectConfigurationPlatforms) = postSolution
		{22A9D24F-1C21-494F-B138-044707609CF1}.Debug|Any CPU.ActiveCfg = Debug|Any CPU
		{22A9D24F-1C21-494F-B138-044707609CF1}.Debug|Any CPU.Build.0 = Debug|Any CPU
		{22A9D24F-1C21-494F-B138-044707609CF1}.Release|Any CPU.ActiveCfg = Release|Any CPU
		{22A9D24F-1C21-494F-B138-044707609CF1}.Release|Any CPU.Build.0 = Release|Any CPU
		{4DB10FBA-640A-4693-9945-F49C19DE7C32}.Debug|Any CPU.ActiveCfg = Debug|Any CPU
		{4DB10FBA-640A-4693-9945-F49C19DE7C32}.Debug|Any CPU.Build.0 = Debug|Any CPU
		{4DB10FBA-640A-4693-9945-F49C19DE7C32}.Release|Any CPU.ActiveCfg = Release|Any CPU
		{4DB10FBA-640A-4693-9945-F49C19DE7C32}.Release|Any CPU.Build.0 = Release|Any CPU
	EndGlobalSection
EndGlobal
