
Microsoft Visual Studio Solution File, Format Version 12.00
# Visual Studio 15
VisualStudioVersion = 15.0.27004.2006
MinimumVisualStudioVersion = 10.0.40219.1
Project("{FAE04EC0-301F-11D3-BF4B-00C04F79EFBC}") = "VainZero.Playground.Cli", "VainZero.Playground.Cli\VainZero.Playground.Cli.csproj", "{910D9499-0EA8-4676-9EF9-D06244A247DC}"
EndProject
Global
	GlobalSection(SolutionConfigurationPlatforms) = preSolution
		Debug|Any CPU = Debug|Any CPU
		Release|Any CPU = Release|Any CPU
	EndGlobalSection
	GlobalSection(ProjectConfigurationPlatforms) = postSolution
		{910D9499-0EA8-4676-9EF9-D06244A247DC}.Debug|Any CPU.ActiveCfg = Debug|Any CPU
		{910D9499-0EA8-4676-9EF9-D06244A247DC}.Debug|Any CPU.Build.0 = Debug|Any CPU
		{910D9499-0EA8-4676-9EF9-D06244A247DC}.Release|Any CPU.ActiveCfg = Release|Any CPU
		{910D9499-0EA8-4676-9EF9-D06244A247DC}.Release|Any CPU.Build.0 = Release|Any CPU
	EndGlobalSection
	GlobalSection(SolutionProperties) = preSolution
		HideSolutionNode = FALSE
	EndGlobalSection
	GlobalSection(ExtensibilityGlobals) = postSolution
		SolutionGuid = {C88297D1-89B8-4D48-80FC-EC7270F90C23}
	EndGlobalSection
EndGlobal
