
Microsoft Visual Studio Solution File, Format Version 12.00
# Visual Studio Version 17
VisualStudioVersion = 17.2.32526.322
MinimumVisualStudioVersion = 10.0.40219.1
Project("{FAE04EC0-301F-11D3-BF4B-00C04F79EFBC}") = "AppCore", "AppCore\AppCore.csproj", "{9EF6E413-8E63-48B4-A784-BE4C5C61918C}"
EndProject
Project("{FAE04EC0-301F-11D3-BF4B-00C04F79EFBC}") = "AppDesktop", "AppDesktop\AppDesktop.csproj", "{030C6CE1-687F-4CB9-8CBC-49885D5B284C}"
EndProject
Global
	GlobalSection(SolutionConfigurationPlatforms) = preSolution
		Debug|Any CPU = Debug|Any CPU
		Release|Any CPU = Release|Any CPU
	EndGlobalSection
	GlobalSection(ProjectConfigurationPlatforms) = postSolution
		{9EF6E413-8E63-48B4-A784-BE4C5C61918C}.Debug|Any CPU.ActiveCfg = Debug|Any CPU
		{9EF6E413-8E63-48B4-A784-BE4C5C61918C}.Debug|Any CPU.Build.0 = Debug|Any CPU
		{9EF6E413-8E63-48B4-A784-BE4C5C61918C}.Release|Any CPU.ActiveCfg = Release|Any CPU
		{9EF6E413-8E63-48B4-A784-BE4C5C61918C}.Release|Any CPU.Build.0 = Release|Any CPU
		{030C6CE1-687F-4CB9-8CBC-49885D5B284C}.Debug|Any CPU.ActiveCfg = Debug|Any CPU
		{030C6CE1-687F-4CB9-8CBC-49885D5B284C}.Debug|Any CPU.Build.0 = Debug|Any CPU
		{030C6CE1-687F-4CB9-8CBC-49885D5B284C}.Release|Any CPU.ActiveCfg = Release|Any CPU
		{030C6CE1-687F-4CB9-8CBC-49885D5B284C}.Release|Any CPU.Build.0 = Release|Any CPU
	EndGlobalSection
	GlobalSection(SolutionProperties) = preSolution
		HideSolutionNode = FALSE
	EndGlobalSection
	GlobalSection(ExtensibilityGlobals) = postSolution
		SolutionGuid = {65172180-12A1-4F53-A3C9-82AE6C61DE5B}
	EndGlobalSection
EndGlobal
