
Microsoft Visual Studio Solution File, Format Version 12.00
# Visual Studio 15
VisualStudioVersion = 15.0.26124.0
MinimumVisualStudioVersion = 15.0.26124.0
Project("{F2A71F9B-5D33-465A-A702-920D77279786}") = "TomlHummer", "TomlHummer\TomlHummer.fsproj", "{47C47129-9F7A-4FD2-9988-429D737BC95C}"
EndProject
Project("{F2A71F9B-5D33-465A-A702-920D77279786}") = "TomlHummerTests", "TomlHummerTests\TomlHummerTests.fsproj", "{1B6C6466-ABD1-4660-8BB2-70FF5BB581A0}"
EndProject
Global
	GlobalSection(SolutionConfigurationPlatforms) = preSolution
		Debug|Any CPU = Debug|Any CPU
		Debug|x64 = Debug|x64
		Debug|x86 = Debug|x86
		Release|Any CPU = Release|Any CPU
		Release|x64 = Release|x64
		Release|x86 = Release|x86
	EndGlobalSection
	GlobalSection(SolutionProperties) = preSolution
		HideSolutionNode = FALSE
	EndGlobalSection
	GlobalSection(ProjectConfigurationPlatforms) = postSolution
		{47C47129-9F7A-4FD2-9988-429D737BC95C}.Debug|Any CPU.ActiveCfg = Debug|Any CPU
		{47C47129-9F7A-4FD2-9988-429D737BC95C}.Debug|Any CPU.Build.0 = Debug|Any CPU
		{47C47129-9F7A-4FD2-9988-429D737BC95C}.Debug|x64.ActiveCfg = Debug|Any CPU
		{47C47129-9F7A-4FD2-9988-429D737BC95C}.Debug|x64.Build.0 = Debug|Any CPU
		{47C47129-9F7A-4FD2-9988-429D737BC95C}.Debug|x86.ActiveCfg = Debug|Any CPU
		{47C47129-9F7A-4FD2-9988-429D737BC95C}.Debug|x86.Build.0 = Debug|Any CPU
		{47C47129-9F7A-4FD2-9988-429D737BC95C}.Release|Any CPU.ActiveCfg = Release|Any CPU
		{47C47129-9F7A-4FD2-9988-429D737BC95C}.Release|Any CPU.Build.0 = Release|Any CPU
		{47C47129-9F7A-4FD2-9988-429D737BC95C}.Release|x64.ActiveCfg = Release|Any CPU
		{47C47129-9F7A-4FD2-9988-429D737BC95C}.Release|x64.Build.0 = Release|Any CPU
		{47C47129-9F7A-4FD2-9988-429D737BC95C}.Release|x86.ActiveCfg = Release|Any CPU
		{47C47129-9F7A-4FD2-9988-429D737BC95C}.Release|x86.Build.0 = Release|Any CPU
		{1B6C6466-ABD1-4660-8BB2-70FF5BB581A0}.Debug|Any CPU.ActiveCfg = Debug|Any CPU
		{1B6C6466-ABD1-4660-8BB2-70FF5BB581A0}.Debug|Any CPU.Build.0 = Debug|Any CPU
		{1B6C6466-ABD1-4660-8BB2-70FF5BB581A0}.Debug|x64.ActiveCfg = Debug|Any CPU
		{1B6C6466-ABD1-4660-8BB2-70FF5BB581A0}.Debug|x64.Build.0 = Debug|Any CPU
		{1B6C6466-ABD1-4660-8BB2-70FF5BB581A0}.Debug|x86.ActiveCfg = Debug|Any CPU
		{1B6C6466-ABD1-4660-8BB2-70FF5BB581A0}.Debug|x86.Build.0 = Debug|Any CPU
		{1B6C6466-ABD1-4660-8BB2-70FF5BB581A0}.Release|Any CPU.ActiveCfg = Release|Any CPU
		{1B6C6466-ABD1-4660-8BB2-70FF5BB581A0}.Release|Any CPU.Build.0 = Release|Any CPU
		{1B6C6466-ABD1-4660-8BB2-70FF5BB581A0}.Release|x64.ActiveCfg = Release|Any CPU
		{1B6C6466-ABD1-4660-8BB2-70FF5BB581A0}.Release|x64.Build.0 = Release|Any CPU
		{1B6C6466-ABD1-4660-8BB2-70FF5BB581A0}.Release|x86.ActiveCfg = Release|Any CPU
		{1B6C6466-ABD1-4660-8BB2-70FF5BB581A0}.Release|x86.Build.0 = Release|Any CPU
	EndGlobalSection
EndGlobal
