
Microsoft Visual Studio Solution File, Format Version 12.00
# Visual Studio 15
VisualStudioVersion = 15.0.26403.3
MinimumVisualStudioVersion = 10.0.40219.1
Project("{2150E333-8FDC-42A3-9474-1A3956D46DE8}") = "100-Libraries", "100-Libraries", "{17EAF9DF-CB7E-4B06-B92C-B28273EB2B7E}"
EndProject
Project("{F2A71F9B-5D33-465A-A702-920D77279786}") = "MicroStream.Core", "MicroStream.Core\MicroStream.Core.fsproj", "{4E07B438-05CE-4167-9F57-A118AC65567A}"
EndProject
Project("{2150E333-8FDC-42A3-9474-1A3956D46DE8}") = "200-Core", "200-Core", "{82F5E42F-9D11-4685-9F8F-75E3314F3EAC}"
EndProject
Project("{F2A71F9B-5D33-465A-A702-920D77279786}") = "MicroStream.Core.UnitTest", "MicroStream.Core.UnitTest\MicroStream.Core.UnitTest.fsproj", "{AA2D3E9A-1268-4D0F-B603-C02410E253BC}"
EndProject
Project("{2150E333-8FDC-42A3-9474-1A3956D46DE8}") = "300-Cli", "300-Cli", "{AEA72269-5DE2-40FC-BF4C-BCAB03F7A46C}"
EndProject
Project("{F2A71F9B-5D33-465A-A702-920D77279786}") = "MicroStream.Cli", "MicroStream.Cli\MicroStream.Cli.fsproj", "{AD828750-FC27-4488-9FF4-36877DCF9A18}"
EndProject
Project("{2150E333-8FDC-42A3-9474-1A3956D46DE8}") = "400-Desktop", "400-Desktop", "{B8275CA3-5055-4ED5-87EF-46D02A9AFED4}"
EndProject
Project("{F2A71F9B-5D33-465A-A702-920D77279786}") = "MicroStream.Desktop.Model", "MicroStream.Desktop.Model\MicroStream.Desktop.Model.fsproj", "{4F5DA809-0F24-4064-B40A-AA96D37884DD}"
EndProject
Project("{FAE04EC0-301F-11D3-BF4B-00C04F79EFBC}") = "MicroStream.Desktop.View", "MicroStream.Desktop.View\MicroStream.Desktop.View.csproj", "{37414AAA-EF7E-4746-A9FF-FEF78D233D0B}"
EndProject
Project("{F2A71F9B-5D33-465A-A702-920D77279786}") = "MicroStream.Cli.UnitTest", "MicroStream.Cli.UnitTest\MicroStream.Cli.UnitTest.fsproj", "{60C0F5D0-71AD-45E4-9684-745882E66DC2}"
EndProject
Project("{F2A71F9B-5D33-465A-A702-920D77279786}") = "MicroStream.Desktop.Model.UnitTest", "MicroStream.Desktop.Model.UnitTest\MicroStream.Desktop.Model.UnitTest.fsproj", "{C88A2314-879A-43A7-A2E9-0492072058D3}"
EndProject
Project("{F2A71F9B-5D33-465A-A702-920D77279786}") = "FSharpKit.ErrorHandling", "..\FSharpKit.ErrorHandling\FSharpKit.ErrorHandling\FSharpKit.ErrorHandling.fsproj", "{0557360A-E1DF-4BB4-8ADC-6448F992D3AD}"
EndProject
Project("{F2A71F9B-5D33-465A-A702-920D77279786}") = "FSharpKit.ErrorHandling.UnitTest", "..\FSharpKit.ErrorHandling\FSharpKit.ErrorHandling.UnitTest\FSharpKit.ErrorHandling.UnitTest.fsproj", "{8AF5CE5C-661E-41CB-B858-00C2D29D4E24}"
EndProject
Project("{2150E333-8FDC-42A3-9474-1A3956D46DE8}") = "150-Data", "150-Data", "{34299DBF-2CE6-4644-B2EE-19B35897A78C}"
EndProject
Project("{FAE04EC0-301F-11D3-BF4B-00C04F79EFBC}") = "MicroStream.Data", "MicroStream.Data\MicroStream.Data.csproj", "{50EAD2FF-DDCF-4188-ACCD-496C0AA7837C}"
EndProject
Project("{FAE04EC0-301F-11D3-BF4B-00C04F79EFBC}") = "Mastonet.Net46", "libraries\Mastonet.Net46\Mastonet.Net46.csproj", "{98591B69-F142-4C20-BD8D-95362CF49AC1}"
EndProject
Project("{9A19103F-16F7-4668-BE54-9A1E7A4F7556}") = "Mastonet", "libraries\Mastonet\Mastonet\Mastonet.csproj", "{56A59D17-6B15-43B3-A0B2-2646FD13768E}"
EndProject
Global
	GlobalSection(SolutionConfigurationPlatforms) = preSolution
		Debug|Any CPU = Debug|Any CPU
		Release|Any CPU = Release|Any CPU
	EndGlobalSection
	GlobalSection(ProjectConfigurationPlatforms) = postSolution
		{4E07B438-05CE-4167-9F57-A118AC65567A}.Debug|Any CPU.ActiveCfg = Debug|Any CPU
		{4E07B438-05CE-4167-9F57-A118AC65567A}.Debug|Any CPU.Build.0 = Debug|Any CPU
		{4E07B438-05CE-4167-9F57-A118AC65567A}.Release|Any CPU.ActiveCfg = Release|Any CPU
		{4E07B438-05CE-4167-9F57-A118AC65567A}.Release|Any CPU.Build.0 = Release|Any CPU
		{AA2D3E9A-1268-4D0F-B603-C02410E253BC}.Debug|Any CPU.ActiveCfg = Debug|Any CPU
		{AA2D3E9A-1268-4D0F-B603-C02410E253BC}.Debug|Any CPU.Build.0 = Debug|Any CPU
		{AA2D3E9A-1268-4D0F-B603-C02410E253BC}.Release|Any CPU.ActiveCfg = Release|Any CPU
		{AA2D3E9A-1268-4D0F-B603-C02410E253BC}.Release|Any CPU.Build.0 = Release|Any CPU
		{AD828750-FC27-4488-9FF4-36877DCF9A18}.Debug|Any CPU.ActiveCfg = Debug|Any CPU
		{AD828750-FC27-4488-9FF4-36877DCF9A18}.Debug|Any CPU.Build.0 = Debug|Any CPU
		{AD828750-FC27-4488-9FF4-36877DCF9A18}.Release|Any CPU.ActiveCfg = Release|Any CPU
		{AD828750-FC27-4488-9FF4-36877DCF9A18}.Release|Any CPU.Build.0 = Release|Any CPU
		{4F5DA809-0F24-4064-B40A-AA96D37884DD}.Debug|Any CPU.ActiveCfg = Debug|Any CPU
		{4F5DA809-0F24-4064-B40A-AA96D37884DD}.Debug|Any CPU.Build.0 = Debug|Any CPU
		{4F5DA809-0F24-4064-B40A-AA96D37884DD}.Release|Any CPU.ActiveCfg = Release|Any CPU
		{4F5DA809-0F24-4064-B40A-AA96D37884DD}.Release|Any CPU.Build.0 = Release|Any CPU
		{37414AAA-EF7E-4746-A9FF-FEF78D233D0B}.Debug|Any CPU.ActiveCfg = Debug|Any CPU
		{37414AAA-EF7E-4746-A9FF-FEF78D233D0B}.Debug|Any CPU.Build.0 = Debug|Any CPU
		{37414AAA-EF7E-4746-A9FF-FEF78D233D0B}.Release|Any CPU.ActiveCfg = Release|Any CPU
		{37414AAA-EF7E-4746-A9FF-FEF78D233D0B}.Release|Any CPU.Build.0 = Release|Any CPU
		{60C0F5D0-71AD-45E4-9684-745882E66DC2}.Debug|Any CPU.ActiveCfg = Debug|Any CPU
		{60C0F5D0-71AD-45E4-9684-745882E66DC2}.Debug|Any CPU.Build.0 = Debug|Any CPU
		{60C0F5D0-71AD-45E4-9684-745882E66DC2}.Release|Any CPU.ActiveCfg = Release|Any CPU
		{60C0F5D0-71AD-45E4-9684-745882E66DC2}.Release|Any CPU.Build.0 = Release|Any CPU
		{C88A2314-879A-43A7-A2E9-0492072058D3}.Debug|Any CPU.ActiveCfg = Debug|Any CPU
		{C88A2314-879A-43A7-A2E9-0492072058D3}.Debug|Any CPU.Build.0 = Debug|Any CPU
		{C88A2314-879A-43A7-A2E9-0492072058D3}.Release|Any CPU.ActiveCfg = Release|Any CPU
		{C88A2314-879A-43A7-A2E9-0492072058D3}.Release|Any CPU.Build.0 = Release|Any CPU
		{0557360A-E1DF-4BB4-8ADC-6448F992D3AD}.Debug|Any CPU.ActiveCfg = Debug|Any CPU
		{0557360A-E1DF-4BB4-8ADC-6448F992D3AD}.Debug|Any CPU.Build.0 = Debug|Any CPU
		{0557360A-E1DF-4BB4-8ADC-6448F992D3AD}.Release|Any CPU.ActiveCfg = Release|Any CPU
		{0557360A-E1DF-4BB4-8ADC-6448F992D3AD}.Release|Any CPU.Build.0 = Release|Any CPU
		{8AF5CE5C-661E-41CB-B858-00C2D29D4E24}.Debug|Any CPU.ActiveCfg = Debug|Any CPU
		{8AF5CE5C-661E-41CB-B858-00C2D29D4E24}.Debug|Any CPU.Build.0 = Debug|Any CPU
		{8AF5CE5C-661E-41CB-B858-00C2D29D4E24}.Release|Any CPU.ActiveCfg = Release|Any CPU
		{8AF5CE5C-661E-41CB-B858-00C2D29D4E24}.Release|Any CPU.Build.0 = Release|Any CPU
		{50EAD2FF-DDCF-4188-ACCD-496C0AA7837C}.Debug|Any CPU.ActiveCfg = Debug|Any CPU
		{50EAD2FF-DDCF-4188-ACCD-496C0AA7837C}.Debug|Any CPU.Build.0 = Debug|Any CPU
		{50EAD2FF-DDCF-4188-ACCD-496C0AA7837C}.Release|Any CPU.ActiveCfg = Release|Any CPU
		{50EAD2FF-DDCF-4188-ACCD-496C0AA7837C}.Release|Any CPU.Build.0 = Release|Any CPU
		{98591B69-F142-4C20-BD8D-95362CF49AC1}.Debug|Any CPU.ActiveCfg = Debug|Any CPU
		{98591B69-F142-4C20-BD8D-95362CF49AC1}.Debug|Any CPU.Build.0 = Debug|Any CPU
		{98591B69-F142-4C20-BD8D-95362CF49AC1}.Release|Any CPU.ActiveCfg = Release|Any CPU
		{98591B69-F142-4C20-BD8D-95362CF49AC1}.Release|Any CPU.Build.0 = Release|Any CPU
		{56A59D17-6B15-43B3-A0B2-2646FD13768E}.Debug|Any CPU.ActiveCfg = Debug|Any CPU
		{56A59D17-6B15-43B3-A0B2-2646FD13768E}.Debug|Any CPU.Build.0 = Debug|Any CPU
		{56A59D17-6B15-43B3-A0B2-2646FD13768E}.Release|Any CPU.ActiveCfg = Release|Any CPU
		{56A59D17-6B15-43B3-A0B2-2646FD13768E}.Release|Any CPU.Build.0 = Release|Any CPU
	EndGlobalSection
	GlobalSection(SolutionProperties) = preSolution
		HideSolutionNode = FALSE
	EndGlobalSection
	GlobalSection(NestedProjects) = preSolution
		{4E07B438-05CE-4167-9F57-A118AC65567A} = {82F5E42F-9D11-4685-9F8F-75E3314F3EAC}
		{AA2D3E9A-1268-4D0F-B603-C02410E253BC} = {82F5E42F-9D11-4685-9F8F-75E3314F3EAC}
		{AD828750-FC27-4488-9FF4-36877DCF9A18} = {AEA72269-5DE2-40FC-BF4C-BCAB03F7A46C}
		{4F5DA809-0F24-4064-B40A-AA96D37884DD} = {B8275CA3-5055-4ED5-87EF-46D02A9AFED4}
		{37414AAA-EF7E-4746-A9FF-FEF78D233D0B} = {B8275CA3-5055-4ED5-87EF-46D02A9AFED4}
		{60C0F5D0-71AD-45E4-9684-745882E66DC2} = {AEA72269-5DE2-40FC-BF4C-BCAB03F7A46C}
		{C88A2314-879A-43A7-A2E9-0492072058D3} = {B8275CA3-5055-4ED5-87EF-46D02A9AFED4}
		{0557360A-E1DF-4BB4-8ADC-6448F992D3AD} = {17EAF9DF-CB7E-4B06-B92C-B28273EB2B7E}
		{8AF5CE5C-661E-41CB-B858-00C2D29D4E24} = {17EAF9DF-CB7E-4B06-B92C-B28273EB2B7E}
		{50EAD2FF-DDCF-4188-ACCD-496C0AA7837C} = {34299DBF-2CE6-4644-B2EE-19B35897A78C}
		{98591B69-F142-4C20-BD8D-95362CF49AC1} = {17EAF9DF-CB7E-4B06-B92C-B28273EB2B7E}
		{56A59D17-6B15-43B3-A0B2-2646FD13768E} = {17EAF9DF-CB7E-4B06-B92C-B28273EB2B7E}
	EndGlobalSection
EndGlobal
