
Microsoft Visual Studio Solution File, Format Version 12.00
# Visual Studio 15
VisualStudioVersion = 15.0.26124.0
MinimumVisualStudioVersion = 15.0.26124.0
Project("{F2A71F9B-5D33-465A-A702-920D77279786}") = "FadaToml", "FadaToml\FadaToml.fsproj", "{EA035F73-0C67-48C5-971B-F31ACE9EA12A}"
EndProject
Project("{F2A71F9B-5D33-465A-A702-920D77279786}") = "FadaTomlTests", "FadaTomlTests\FadaTomlTests.fsproj", "{F91B8778-513B-452B-8A51-34DE17D9DD1A}"
EndProject
Global
	GlobalSection(SolutionConfigurationPlatforms) = preSolution
		Debug|Any CPU = Debug|Any CPU
		Debug|x64 = Debug|x64
		Debug|x86 = Debug|x86
		Release|Any CPU = Release|Any CPU
		Release|x64 = Release|x64
		Release|x86 = Release|x86
	EndGlobalSection
	GlobalSection(SolutionProperties) = preSolution
		HideSolutionNode = FALSE
	EndGlobalSection
	GlobalSection(ProjectConfigurationPlatforms) = postSolution
		{EA035F73-0C67-48C5-971B-F31ACE9EA12A}.Debug|Any CPU.ActiveCfg = Debug|Any CPU
		{EA035F73-0C67-48C5-971B-F31ACE9EA12A}.Debug|Any CPU.Build.0 = Debug|Any CPU
		{EA035F73-0C67-48C5-971B-F31ACE9EA12A}.Debug|x64.ActiveCfg = Debug|Any CPU
		{EA035F73-0C67-48C5-971B-F31ACE9EA12A}.Debug|x64.Build.0 = Debug|Any CPU
		{EA035F73-0C67-48C5-971B-F31ACE9EA12A}.Debug|x86.ActiveCfg = Debug|Any CPU
		{EA035F73-0C67-48C5-971B-F31ACE9EA12A}.Debug|x86.Build.0 = Debug|Any CPU
		{EA035F73-0C67-48C5-971B-F31ACE9EA12A}.Release|Any CPU.ActiveCfg = Release|Any CPU
		{EA035F73-0C67-48C5-971B-F31ACE9EA12A}.Release|Any CPU.Build.0 = Release|Any CPU
		{EA035F73-0C67-48C5-971B-F31ACE9EA12A}.Release|x64.ActiveCfg = Release|Any CPU
		{EA035F73-0C67-48C5-971B-F31ACE9EA12A}.Release|x64.Build.0 = Release|Any CPU
		{EA035F73-0C67-48C5-971B-F31ACE9EA12A}.Release|x86.ActiveCfg = Release|Any CPU
		{EA035F73-0C67-48C5-971B-F31ACE9EA12A}.Release|x86.Build.0 = Release|Any CPU
		{F91B8778-513B-452B-8A51-34DE17D9DD1A}.Debug|Any CPU.ActiveCfg = Debug|Any CPU
		{F91B8778-513B-452B-8A51-34DE17D9DD1A}.Debug|Any CPU.Build.0 = Debug|Any CPU
		{F91B8778-513B-452B-8A51-34DE17D9DD1A}.Debug|x64.ActiveCfg = Debug|Any CPU
		{F91B8778-513B-452B-8A51-34DE17D9DD1A}.Debug|x64.Build.0 = Debug|Any CPU
		{F91B8778-513B-452B-8A51-34DE17D9DD1A}.Debug|x86.ActiveCfg = Debug|Any CPU
		{F91B8778-513B-452B-8A51-34DE17D9DD1A}.Debug|x86.Build.0 = Debug|Any CPU
		{F91B8778-513B-452B-8A51-34DE17D9DD1A}.Release|Any CPU.ActiveCfg = Release|Any CPU
		{F91B8778-513B-452B-8A51-34DE17D9DD1A}.Release|Any CPU.Build.0 = Release|Any CPU
		{F91B8778-513B-452B-8A51-34DE17D9DD1A}.Release|x64.ActiveCfg = Release|Any CPU
		{F91B8778-513B-452B-8A51-34DE17D9DD1A}.Release|x64.Build.0 = Release|Any CPU
		{F91B8778-513B-452B-8A51-34DE17D9DD1A}.Release|x86.ActiveCfg = Release|Any CPU
		{F91B8778-513B-452B-8A51-34DE17D9DD1A}.Release|x86.Build.0 = Release|Any CPU
	EndGlobalSection
EndGlobal
