
Microsoft Visual Studio Solution File, Format Version 12.00
# Visual Studio 2013
VisualStudioVersion = 12.0.40629.0
MinimumVisualStudioVersion = 10.0.40219.1
Project("{F184B08F-C81C-45F6-A57F-5ABD9991F28F}") = "DotNetLab.Vb.Lib", "DotNetLab.Vb.Lib\DotNetLab.Vb.Lib.vbproj", "{36757C03-1694-486D-B93B-E8FE94979DCA}"
EndProject
Project("{F184B08F-C81C-45F6-A57F-5ABD9991F28F}") = "DotNetLab.Vb.Lib.Test", "DotNetLab.Vb.Lib.Test\DotNetLab.Vb.Lib.Test.vbproj", "{5F1923B2-C8BB-4A0E-9F7F-25D9DDBB1A92}"
EndProject
Global
	GlobalSection(SolutionConfigurationPlatforms) = preSolution
		Debug|Any CPU = Debug|Any CPU
		Release|Any CPU = Release|Any CPU
	EndGlobalSection
	GlobalSection(ProjectConfigurationPlatforms) = postSolution
		{36757C03-1694-486D-B93B-E8FE94979DCA}.Debug|Any CPU.ActiveCfg = Debug|Any CPU
		{36757C03-1694-486D-B93B-E8FE94979DCA}.Debug|Any CPU.Build.0 = Debug|Any CPU
		{36757C03-1694-486D-B93B-E8FE94979DCA}.Release|Any CPU.ActiveCfg = Release|Any CPU
		{36757C03-1694-486D-B93B-E8FE94979DCA}.Release|Any CPU.Build.0 = Release|Any CPU
		{5F1923B2-C8BB-4A0E-9F7F-25D9DDBB1A92}.Debug|Any CPU.ActiveCfg = Debug|Any CPU
		{5F1923B2-C8BB-4A0E-9F7F-25D9DDBB1A92}.Debug|Any CPU.Build.0 = Debug|Any CPU
		{5F1923B2-C8BB-4A0E-9F7F-25D9DDBB1A92}.Release|Any CPU.ActiveCfg = Release|Any CPU
		{5F1923B2-C8BB-4A0E-9F7F-25D9DDBB1A92}.Release|Any CPU.Build.0 = Release|Any CPU
	EndGlobalSection
	GlobalSection(SolutionProperties) = preSolution
		HideSolutionNode = FALSE
	EndGlobalSection
EndGlobal
